# THIS IS AN AUTOGENERATED FILE. DO NOT EDIT THIS FILE DIRECTLY.
# yarn lockfile v1


miniget@^4.2.0:
  version "4.2.0"
  resolved "https://registry.yarnpkg.com/miniget/-/miniget-4.2.0.tgz#0004e95536b192d95a7d09f4435d67b9285481d0"
  integrity sha512-IzTOaNgBw/qEpzkPTE7X2cUVXQfSKbG8w52Emi93zb+Zya2ZFrbmavpixzebuDJD9Ku4ecbaFlC7Y1cEESzQtQ==

ytpl@^2.2.1:
  version "2.2.1"
  resolved "https://registry.yarnpkg.com/ytpl/-/ytpl-2.2.1.tgz#e514eccdd46e02eeb0d16e08f8278489258ab31a"
  integrity sha512-sxty58s4JTNCDkiaiTkcaXfWCOW5sfHOPwDQtWIkoU4C+Kht2qat8yaLVbWZIclUSZo+naANyaI7LGjhhrErGA==
  dependencies:
    miniget "^4.2.0"
